
Microsoft Visual Studio Solution File, Format Version 12.00
# Visual Studio 15
VisualStudioVersion = 15.0.28307.1169
MinimumVisualStudioVersion = 10.0.40219.1
Project("{FAE04EC0-301F-11D3-BF4B-00C04F79EFBC}") = "WebApplication1", "WebApplication1\WebApplication1.csproj", "{DBE66ED8-2797-4842-A283-6D9E15C8A219}"
EndProject
Global
	GlobalSection(SolutionConfigurationPlatforms) = preSolution
		Debug|Any CPU = Debug|Any CPU
		Release|Any CPU = Release|Any CPU
	EndGlobalSection
	GlobalSection(ProjectConfigurationPlatforms) = postSolution
		{DBE66ED8-2797-4842-A283-6D9E15C8A219}.Debug|Any CPU.ActiveCfg = Debug|Any CPU
		{DBE66ED8-2797-4842-A283-6D9E15C8A219}.Debug|Any CPU.Build.0 = Debug|Any CPU
		{DBE66ED8-2797-4842-A283-6D9E15C8A219}.Release|Any CPU.ActiveCfg = Release|Any CPU
		{DBE66ED8-2797-4842-A283-6D9E15C8A219}.Release|Any CPU.Build.0 = Release|Any CPU
	EndGlobalSection
	GlobalSection(SolutionProperties) = preSolution
		HideSolutionNode = FALSE
	EndGlobalSection
	GlobalSection(ExtensibilityGlobals) = postSolution
		SolutionGuid = {52022AD3-5B47-45C2-8C4D-900C9FD80D90}
	EndGlobalSection
EndGlobal
